Microsoft Visual Studio Solution File, Format Version 12.00
# Visual Studio 15
VisualStudioVersion = 15.0.27428.2043
MinimumVisualStudioVersion = 10.0.40219.1
Project("{FAE04EC0-301F-11D3-BF4B-00C04F79EFBC}") = "TPT", "TPT\TPT.csproj", "{F9620515-9E7D-41AD-8096-00E7DDE5519B}"
EndProject
Project("{FAE04EC0-301F-11D3-BF4B-00C04F79EFBC}") = "TPT.iOS", "iOS\TPT.iOS.csproj", "{041CA933-39CA-4F8F-8C63-9F3430146590}"
EndProject
Project("{FAE04EC0-301F-11D3-BF4B-00C04F79EFBC}") = "TPT.Droid", "Droid\TPT.Droid.csproj", "{DCCA7A88-9EFA-48D7-BA25-DE984DBD016F}"
EndProject
Global
	GlobalSection(SolutionConfigurationPlatforms) = preSolution
		Debug|Any CPU = Debug|Any CPU
		Debug|iPhone = Debug|iPhone
		Debug|iPhoneSimulator = Debug|iPhoneSimulator
		Release|Any CPU = Release|Any CPU
		Release|iPhone = Release|iPhone
		Release|iPhoneSimulator = Release|iPhoneSimulator
	EndGlobalSection
	GlobalSection(ProjectConfigurationPlatforms) = postSolution
		{F9620515-9E7D-41AD-8096-00E7DDE5519B}.Debug|Any CPU.ActiveCfg = Debug|Any CPU
		{F9620515-9E7D-41AD-8096-00E7DDE5519B}.Debug|Any CPU.Build.0 = Debug|Any CPU
		{F9620515-9E7D-41AD-8096-00E7DDE5519B}.Debug|iPhone.ActiveCfg = Debug|Any CPU
		{F9620515-9E7D-41AD-8096-00E7DDE5519B}.Debug|iPhone.Build.0 = Debug|Any CPU
		{F9620515-9E7D-41AD-8096-00E7DDE5519B}.Debug|iPhoneSimulator.ActiveCfg = Debug|Any CPU
		{F9620515-9E7D-41AD-8096-00E7DDE5519B}.Debug|iPhoneSimulator.Build.0 = Debug|Any CPU
		{F9620515-9E7D-41AD-8096-00E7DDE5519B}.Release|Any CPU.ActiveCfg = Release|Any CPU
		{F9620515-9E7D-41AD-8096-00E7DDE5519B}.Release|Any CPU.Build.0 = Release|Any CPU
		{F9620515-9E7D-41AD-8096-00E7DDE5519B}.Release|iPhone.ActiveCfg = Release|Any CPU
		{F9620515-9E7D-41AD-8096-00E7DDE5519B}.Release|iPhone.Build.0 = Release|Any CPU
		{F9620515-9E7D-41AD-8096-00E7DDE5519B}.Release|iPhoneSimulator.ActiveCfg = Release|Any CPU
		{F9620515-9E7D-41AD-8096-00E7DDE5519B}.Release|iPhoneSimulator.Build.0 = Release|Any CPU
		{041CA933-39CA-4F8F-8C63-9F3430146590}.Debug|Any CPU.ActiveCfg = Debug|iPhoneSimulator
		{041CA933-39CA-4F8F-8C63-9F3430146590}.Debug|Any CPU.Build.0 = Debug|iPhoneSimulator
		{041CA933-39CA-4F8F-8C63-9F3430146590}.Debug|iPhone.ActiveCfg = Debug|iPhone
		{041CA933-39CA-4F8F-8C63-9F3430146590}.Debug|iPhone.Build.0 = Debug|iPhone
		{041CA933-39CA-4F8F-8C63-9F3430146590}.Debug|iPhoneSimulator.ActiveCfg = Debug|iPhoneSimulator
		{041CA933-39CA-4F8F-8C63-9F3430146590}.Debug|iPhoneSimulator.Build.0 = Debug|iPhoneSimulator
		{041CA933-39CA-4F8F-8C63-9F3430146590}.Release|Any CPU.ActiveCfg = Release|iPhone
		{041CA933-39CA-4F8F-8C63-9F3430146590}.Release|Any CPU.Build.0 = Release|iPhone
		{041CA933-39CA-4F8F-8C63-9F3430146590}.Release|iPhone.ActiveCfg = Release|iPhone
		{041CA933-39CA-4F8F-8C63-9F3430146590}.Release|iPhone.Build.0 = Release|iPhone
		{041CA933-39CA-4F8F-8C63-9F3430146590}.Release|iPhoneSimulator.ActiveCfg = Release|iPhoneSimulator
		{041CA933-39CA-4F8F-8C63-9F3430146590}.Release|iPhoneSimulator.Build.0 = Release|iPhoneSimulator
		{DCCA7A88-9EFA-48D7-BA25-DE984DBD016F}.Debug|Any CPU.ActiveCfg = Debug|Any CPU
		{DCCA7A88-9EFA-48D7-BA25-DE984DBD016F}.Debug|Any CPU.Build.0 = Debug|Any CPU
		{DCCA7A88-9EFA-48D7-BA25-DE984DBD016F}.Debug|iPhone.ActiveCfg = Debug|Any CPU
		{DCCA7A88-9EFA-48D7-BA25-DE984DBD016F}.Debug|iPhone.Build.0 = Debug|Any CPU
		{DCCA7A88-9EFA-48D7-BA25-DE984DBD016F}.Debug|iPhoneSimulator.ActiveCfg = Debug|Any CPU
		{DCCA7A88-9EFA-48D7-BA25-DE984DBD016F}.Debug|iPhoneSimulator.Build.0 = Debug|Any CPU
		{DCCA7A88-9EFA-48D7-BA25-DE984DBD016F}.Release|Any CPU.ActiveCfg = Release|Any CPU
		{DCCA7A88-9EFA-48D7-BA25-DE984DBD016F}.Release|Any CPU.Build.0 = Release|Any CPU
		{DCCA7A88-9EFA-48D7-BA25-DE984DBD016F}.Release|iPhone.ActiveCfg = Release|Any CPU
		{DCCA7A88-9EFA-48D7-BA25-DE984DBD016F}.Release|iPhone.Build.0 = Release|Any CPU
		{DCCA7A88-9EFA-48D7-BA25-DE984DBD016F}.Release|iPhoneSimulator.ActiveCfg = Release|Any CPU
		{DCCA7A88-9EFA-48D7-BA25-DE984DBD016F}.Release|iPhoneSimulator.Build.0 = Release|Any CPU
	EndGlobalSection
	GlobalSection(SolutionProperties) = preSolution
		HideSolutionNode = FALSE
	EndGlobalSection
	GlobalSection(ExtensibilityGlobals) = postSolution
		SolutionGuid = {60C7D7BF-37DD-4C9E-B26F-187FAA653DE0}
	EndGlobalSection
EndGlobal
