
Microsoft Visual Studio Solution File, Format Version 12.00
# Visual Studio 2012
Project("{FAE04EC0-301F-11D3-BF4B-00C04F79EFBC}") = "Kool", "Kool\Kool.csproj", "{A821D0AD-2FB9-4FB2-9B05-4C7EED0EF95A}"
EndProject
Project("{FAE04EC0-301F-11D3-BF4B-00C04F79EFBC}") = "Kool.iOS", "iOS\Kool.iOS.csproj", "{60A7730A-F44F-41E9-B078-107325EC0AD8}"
EndProject
Project("{FAE04EC0-301F-11D3-BF4B-00C04F79EFBC}") = "Kool.Droid", "Droid\Kool.Droid.csproj", "{C72A41E2-15E3-4851-A0B3-69EBEEF83B5D}"
EndProject
Global
	GlobalSection(SolutionConfigurationPlatforms) = preSolution
		Debug|Any CPU = Debug|Any CPU
		Release|Any CPU = Release|Any CPU
		Debug|iPhoneSimulator = Debug|iPhoneSimulator
		Release|iPhone = Release|iPhone
		Release|iPhoneSimulator = Release|iPhoneSimulator
		Debug|iPhone = Debug|iPhone
	EndGlobalSection
	GlobalSection(ProjectConfigurationPlatforms) = postSolution
		{A821D0AD-2FB9-4FB2-9B05-4C7EED0EF95A}.Debug|Any CPU.ActiveCfg = Debug|Any CPU
		{A821D0AD-2FB9-4FB2-9B05-4C7EED0EF95A}.Debug|Any CPU.Build.0 = Debug|Any CPU
		{A821D0AD-2FB9-4FB2-9B05-4C7EED0EF95A}.Release|Any CPU.ActiveCfg = Release|Any CPU
		{A821D0AD-2FB9-4FB2-9B05-4C7EED0EF95A}.Release|Any CPU.Build.0 = Release|Any CPU
		{A821D0AD-2FB9-4FB2-9B05-4C7EED0EF95A}.Debug|iPhoneSimulator.ActiveCfg = Debug|Any CPU
		{A821D0AD-2FB9-4FB2-9B05-4C7EED0EF95A}.Debug|iPhoneSimulator.Build.0 = Debug|Any CPU
		{A821D0AD-2FB9-4FB2-9B05-4C7EED0EF95A}.Release|iPhone.ActiveCfg = Release|Any CPU
		{A821D0AD-2FB9-4FB2-9B05-4C7EED0EF95A}.Release|iPhone.Build.0 = Release|Any CPU
		{A821D0AD-2FB9-4FB2-9B05-4C7EED0EF95A}.Release|iPhoneSimulator.ActiveCfg = Release|Any CPU
		{A821D0AD-2FB9-4FB2-9B05-4C7EED0EF95A}.Release|iPhoneSimulator.Build.0 = Release|Any CPU
		{A821D0AD-2FB9-4FB2-9B05-4C7EED0EF95A}.Debug|iPhone.ActiveCfg = Debug|Any CPU
		{A821D0AD-2FB9-4FB2-9B05-4C7EED0EF95A}.Debug|iPhone.Build.0 = Debug|Any CPU
		{60A7730A-F44F-41E9-B078-107325EC0AD8}.Debug|Any CPU.ActiveCfg = Debug|iPhoneSimulator
		{60A7730A-F44F-41E9-B078-107325EC0AD8}.Debug|Any CPU.Build.0 = Debug|iPhoneSimulator
		{60A7730A-F44F-41E9-B078-107325EC0AD8}.Release|Any CPU.ActiveCfg = Release|iPhone
		{60A7730A-F44F-41E9-B078-107325EC0AD8}.Release|Any CPU.Build.0 = Release|iPhone
		{60A7730A-F44F-41E9-B078-107325EC0AD8}.Debug|iPhoneSimulator.ActiveCfg = Debug|iPhoneSimulator
		{60A7730A-F44F-41E9-B078-107325EC0AD8}.Debug|iPhoneSimulator.Build.0 = Debug|iPhoneSimulator
		{60A7730A-F44F-41E9-B078-107325EC0AD8}.Release|iPhone.ActiveCfg = Release|iPhone
		{60A7730A-F44F-41E9-B078-107325EC0AD8}.Release|iPhone.Build.0 = Release|iPhone
		{60A7730A-F44F-41E9-B078-107325EC0AD8}.Release|iPhoneSimulator.ActiveCfg = Release|iPhoneSimulator
		{60A7730A-F44F-41E9-B078-107325EC0AD8}.Release|iPhoneSimulator.Build.0 = Release|iPhoneSimulator
		{60A7730A-F44F-41E9-B078-107325EC0AD8}.Debug|iPhone.ActiveCfg = Debug|iPhone
		{60A7730A-F44F-41E9-B078-107325EC0AD8}.Debug|iPhone.Build.0 = Debug|iPhone
		{C72A41E2-15E3-4851-A0B3-69EBEEF83B5D}.Debug|Any CPU.ActiveCfg = Debug|Any CPU
		{C72A41E2-15E3-4851-A0B3-69EBEEF83B5D}.Debug|Any CPU.Build.0 = Debug|Any CPU
		{C72A41E2-15E3-4851-A0B3-69EBEEF83B5D}.Release|Any CPU.ActiveCfg = Release|Any CPU
		{C72A41E2-15E3-4851-A0B3-69EBEEF83B5D}.Release|Any CPU.Build.0 = Release|Any CPU
		{C72A41E2-15E3-4851-A0B3-69EBEEF83B5D}.Debug|iPhoneSimulator.ActiveCfg = Debug|Any CPU
		{C72A41E2-15E3-4851-A0B3-69EBEEF83B5D}.Debug|iPhoneSimulator.Build.0 = Debug|Any CPU
		{C72A41E2-15E3-4851-A0B3-69EBEEF83B5D}.Release|iPhone.ActiveCfg = Release|Any CPU
		{C72A41E2-15E3-4851-A0B3-69EBEEF83B5D}.Release|iPhone.Build.0 = Release|Any CPU
		{C72A41E2-15E3-4851-A0B3-69EBEEF83B5D}.Release|iPhoneSimulator.ActiveCfg = Release|Any CPU
		{C72A41E2-15E3-4851-A0B3-69EBEEF83B5D}.Release|iPhoneSimulator.Build.0 = Release|Any CPU
		{C72A41E2-15E3-4851-A0B3-69EBEEF83B5D}.Debug|iPhone.ActiveCfg = Debug|Any CPU
		{C72A41E2-15E3-4851-A0B3-69EBEEF83B5D}.Debug|iPhone.Build.0 = Debug|Any CPU
	EndGlobalSection
EndGlobal
